
Microsoft Visual Studio Solution File, Format Version 12.00
# Visual Studio 15
VisualStudioVersion = 15.0.28010.2016
MinimumVisualStudioVersion = 10.0.40219.1
Project("{FAE04EC0-301F-11D3-BF4B-00C04F79EFBC}") = "ornek_proje", "ornek_proje\ornek_proje.csproj", "{0B76C48B-FC2A-4397-B627-F63A3C6679AF}"
EndProject
Global
	GlobalSection(SolutionConfigurationPlatforms) = preSolution
		Debug|Any CPU = Debug|Any CPU
		Release|Any CPU = Release|Any CPU
	EndGlobalSection
	GlobalSection(ProjectConfigurationPlatforms) = postSolution
		{0B76C48B-FC2A-4397-B627-F63A3C6679AF}.Debug|Any CPU.ActiveCfg = Debug|Any CPU
		{0B76C48B-FC2A-4397-B627-F63A3C6679AF}.Debug|Any CPU.Build.0 = Debug|Any CPU
		{0B76C48B-FC2A-4397-B627-F63A3C6679AF}.Release|Any CPU.ActiveCfg = Release|Any CPU
		{0B76C48B-FC2A-4397-B627-F63A3C6679AF}.Release|Any CPU.Build.0 = Release|Any CPU
	EndGlobalSection
	GlobalSection(SolutionProperties) = preSolution
		HideSolutionNode = FALSE
	EndGlobalSection
	GlobalSection(ExtensibilityGlobals) = postSolution
		SolutionGuid = {56A98C46-B3DD-4D8C-88AE-08195A48000D}
	EndGlobalSection
EndGlobal
